
Microsoft Visual Studio Solution File, Format Version 12.00
# Visual Studio Version 17
VisualStudioVersion = 17.2.32630.192
MinimumVisualStudioVersion = 10.0.40219.1
Project("{9A19103F-16F7-4668-BE54-9A1E7A4F7556}") = "R5T.L0052.Construction", "R5T.L0052.Construction\R5T.L0052.Construction.csproj", "{CC9AC225-988A-4869-B6C5-9806FF966779}"
EndProject
Project("{9A19103F-16F7-4668-BE54-9A1E7A4F7556}") = "R5T.L0052", "R5T.L0052\R5T.L0052.csproj", "{C38D19B6-38A1-494C-A161-919DDAA57A53}"
EndProject
Project("{9A19103F-16F7-4668-BE54-9A1E7A4F7556}") = "R5T.L0052.T001", "R5T.L0052.T001\R5T.L0052.T001.csproj", "{BA50F110-C215-46AC-80C3-856ACDB80713}"
EndProject
Project("{2150E333-8FDC-42A3-9474-1A3956D46DE8}") = "_Dependencies", "_Dependencies", "{6CC82C08-6C49-46C8-BCB3-99D542155D88}"
EndProject
Project("{9A19103F-16F7-4668-BE54-9A1E7A4F7556}") = "R5T.F0000", "..\..\R5T.F0000\source\R5T.F0000\R5T.F0000.csproj", "{28B9BD98-1DA6-41AB-8EEB-2BC23DEBB21E}"
EndProject
Project("{9A19103F-16F7-4668-BE54-9A1E7A4F7556}") = "R5T.F0002", "..\..\R5T.F0002\source\R5T.F0002\R5T.F0002.csproj", "{B3E78793-AA35-487F-AE53-60219CF294EE}"
EndProject
Project("{9A19103F-16F7-4668-BE54-9A1E7A4F7556}") = "R5T.F0120", "..\..\R5T.F0120\source\R5T.F0120\R5T.F0120.csproj", "{CA9C4D77-3971-415F-B099-DB1F2D87C04B}"
EndProject
Project("{9A19103F-16F7-4668-BE54-9A1E7A4F7556}") = "R5T.F0124", "..\..\R5T.F0124\source\R5T.F0124\R5T.F0124.csproj", "{26B1BE11-110D-4E36-9D3E-6BDC6D341268}"
EndProject
Project("{9A19103F-16F7-4668-BE54-9A1E7A4F7556}") = "R5T.F0125", "..\..\R5T.F0125\source\R5T.F0125\R5T.F0125.csproj", "{D916262E-2912-4305-BB3F-B8484A3A6C6D}"
EndProject
Project("{9A19103F-16F7-4668-BE54-9A1E7A4F7556}") = "R5T.L0030.T000", "..\..\R5T.L0030\source\R5T.L0030.T000\R5T.L0030.T000.csproj", "{9A3870A7-1753-46F1-AE80-F6601806F4BF}"
EndProject
Project("{9A19103F-16F7-4668-BE54-9A1E7A4F7556}") = "R5T.L0030", "..\..\R5T.L0030\source\R5T.L0030\R5T.L0030.csproj", "{2B0AA307-D85E-498C-B55D-3B501DB03138}"
EndProject
Project("{9A19103F-16F7-4668-BE54-9A1E7A4F7556}") = "R5T.L0034", "..\..\R5T.L0034\source\R5T.L0034\R5T.L0034.csproj", "{15A8687A-E7D1-4FC5-A0E0-613876442170}"
EndProject
Project("{9A19103F-16F7-4668-BE54-9A1E7A4F7556}") = "R5T.L0035", "..\..\R5T.L0035\source\R5T.L0035\R5T.L0035.csproj", "{E0833BBB-4BB9-41B7-B980-9C0A5F76A248}"
EndProject
Project("{9A19103F-16F7-4668-BE54-9A1E7A4F7556}") = "R5T.NG0022", "..\..\R5T.NG0022\source\R5T.NG0022\R5T.NG0022.csproj", "{E059D356-9D84-4DE7-A90C-78153229FD07}"
EndProject
Project("{9A19103F-16F7-4668-BE54-9A1E7A4F7556}") = "R5T.T0131", "..\..\R5T.T0131\source\R5T.T0131\R5T.T0131.csproj", "{E2D2131B-258C-42E8-8066-74AA71C071FA}"
EndProject
Project("{9A19103F-16F7-4668-BE54-9A1E7A4F7556}") = "R5T.T0132", "..\..\R5T.T0132\source\R5T.T0132\R5T.T0132.csproj", "{FFFE0E2E-2DEA-4234-9675-CF5B6079909A}"
EndProject
Project("{9A19103F-16F7-4668-BE54-9A1E7A4F7556}") = "R5T.T0142", "..\..\R5T.T0142\source\R5T.T0142\R5T.T0142.csproj", "{11A879E2-8ABA-40D1-AF46-04961E9B054F}"
EndProject
Project("{9A19103F-16F7-4668-BE54-9A1E7A4F7556}") = "R5T.T0143", "..\..\R5T.T0143\source\R5T.T0143\R5T.T0143.csproj", "{E0C53D14-6EC2-44C8-BED8-51388AF503D3}"
EndProject
Project("{9A19103F-16F7-4668-BE54-9A1E7A4F7556}") = "R5T.T0156", "..\..\R5T.T0156\source\R5T.T0156\R5T.T0156.csproj", "{523F9862-E8DA-4226-A1C1-4887DE0E0F91}"
EndProject
Project("{9A19103F-16F7-4668-BE54-9A1E7A4F7556}") = "R5T.T0174", "..\..\R5T.T0174\source\R5T.T0174\R5T.T0174.csproj", "{176FF20A-77F0-405D-9973-B1BA20CB0AAA}"
EndProject
Project("{9A19103F-16F7-4668-BE54-9A1E7A4F7556}") = "R5T.T0176", "..\..\R5T.T0176\source\R5T.T0176\R5T.T0176.csproj", "{258F24EE-22F1-443C-A98E-975B274DA898}"
EndProject
Project("{9A19103F-16F7-4668-BE54-9A1E7A4F7556}") = "R5T.T0177", "..\..\R5T.T0177\source\R5T.T0177\R5T.T0177.csproj", "{A2B94264-14F3-4988-83FE-8EDF5425A541}"
EndProject
Project("{9A19103F-16F7-4668-BE54-9A1E7A4F7556}") = "R5T.T0178", "..\..\R5T.T0178\source\R5T.T0178\R5T.T0178.csproj", "{60E14D53-FA05-429B-97EF-8CC4989062D3}"
EndProject
Project("{9A19103F-16F7-4668-BE54-9A1E7A4F7556}") = "R5T.T0179", "..\..\R5T.T0179\source\R5T.T0179\R5T.T0179.csproj", "{684782E7-E120-4678-A9FC-0316D4561356}"
EndProject
Project("{9A19103F-16F7-4668-BE54-9A1E7A4F7556}") = "R5T.T0180", "..\..\R5T.T0180\source\R5T.T0180\R5T.T0180.csproj", "{90E00710-FD97-472F-AB68-58828056D15B}"
EndProject
Project("{9A19103F-16F7-4668-BE54-9A1E7A4F7556}") = "R5T.T0181", "..\..\R5T.T0181\source\R5T.T0181\R5T.T0181.csproj", "{8484FF72-BA2A-4187-8438-97A3FE639EDC}"
EndProject
Project("{9A19103F-16F7-4668-BE54-9A1E7A4F7556}") = "R5T.T0185", "..\..\R5T.T0185\source\R5T.T0185\R5T.T0185.csproj", "{EB2E73EC-6598-4C86-A12D-C39FB0289142}"
EndProject
Project("{9A19103F-16F7-4668-BE54-9A1E7A4F7556}") = "R5T.T0199", "..\..\R5T.T0199\source\R5T.T0199\R5T.T0199.csproj", "{0FC0619A-B873-48A9-8938-969FD9D7D1A5}"
EndProject
Project("{9A19103F-16F7-4668-BE54-9A1E7A4F7556}") = "R5T.T0203", "..\..\R5T.T0203\source\R5T.T0203\R5T.T0203.csproj", "{6E473095-BEDA-4FB1-B50F-AA8EF4D657C4}"
EndProject
Project("{9A19103F-16F7-4668-BE54-9A1E7A4F7556}") = "R5T.T0220", "..\..\R5T.T0220\source\R5T.T0220\R5T.T0220.csproj", "{A856DA27-FB33-4213-B585-CE6D9DAA09F8}"
EndProject
Project("{9A19103F-16F7-4668-BE54-9A1E7A4F7556}") = "R5T.T0221", "..\..\R5T.T0221\source\R5T.T0221\R5T.T0221.csproj", "{158CB136-FF8D-41D0-ABC8-6E23CDD55F84}"
EndProject
Project("{9A19103F-16F7-4668-BE54-9A1E7A4F7556}") = "R5T.Y0000", "..\..\R5T.Y0000\source\R5T.Y0000\R5T.Y0000.csproj", "{08C1CC3A-4641-4E36-8481-DF20D5AD00FE}"
EndProject
Project("{9A19103F-16F7-4668-BE54-9A1E7A4F7556}") = "R5T.Z0000", "..\..\R5T.Z0000\source\R5T.Z0000\R5T.Z0000.csproj", "{A4DBE59D-8F9A-4B7A-9101-0E38B46494C1}"
EndProject
Project("{9A19103F-16F7-4668-BE54-9A1E7A4F7556}") = "R5T.L0052.Z001", "R5T.L0052.Z001\R5T.L0052.Z001.csproj", "{754D5F8D-16EF-4993-B864-F3A026A482D1}"
EndProject
Project("{9A19103F-16F7-4668-BE54-9A1E7A4F7556}") = "R5T.F0017.F002", "..\..\R5T.F0017\source\R5T.F0017.F002\R5T.F0017.F002.csproj", "{009F1452-E187-4DAA-BBC3-FCC794FA3287}"
EndProject
Project("{9A19103F-16F7-4668-BE54-9A1E7A4F7556}") = "R5T.F0018", "..\..\R5T.F0018\source\R5T.F0018\R5T.F0018.csproj", "{1CA76CC4-60CC-403A-A671-B25EA7564263}"
EndProject
Project("{9A19103F-16F7-4668-BE54-9A1E7A4F7556}") = "R5T.F0032", "..\..\R5T.F0032\source\R5T.F0032\R5T.F0032.csproj", "{F058F931-7572-4B15-A746-4E7B119B4C4E}"
EndProject
Project("{9A19103F-16F7-4668-BE54-9A1E7A4F7556}") = "R5T.F0099.T000", "..\..\R5T.F0099\source\R5T.F0099.T000\R5T.F0099.T000.csproj", "{B7889598-E772-41CD-8A7B-6D7620AD9595}"
EndProject
Project("{9A19103F-16F7-4668-BE54-9A1E7A4F7556}") = "R5T.F0109", "..\..\R5T.F0109\source\R5T.F0109\R5T.F0109.csproj", "{2CDB20E6-5857-4F5E-B145-3C338169FB6C}"
EndProject
Project("{9A19103F-16F7-4668-BE54-9A1E7A4F7556}") = "R5T.NG0008", "..\..\R5T.NG0008\source\R5T.NG0008\R5T.NG0008.csproj", "{B587BBA3-6A4A-4294-978F-6C1B3208052F}"
EndProject
Project("{9A19103F-16F7-4668-BE54-9A1E7A4F7556}") = "R5T.NG0010", "..\..\R5T.NG0010\source\R5T.NG0010\R5T.NG0010.csproj", "{4FA4F3F0-3E92-4628-B493-9AB051150787}"
EndProject
Project("{9A19103F-16F7-4668-BE54-9A1E7A4F7556}") = "R5T.T0150", "..\..\R5T.T0150\source\R5T.T0150\R5T.T0150.csproj", "{78DD602C-9B26-49F4-AF86-585096AE3027}"
EndProject
Project("{9A19103F-16F7-4668-BE54-9A1E7A4F7556}") = "R5T.T0151", "..\..\R5T.T0151\source\R5T.T0151\R5T.T0151.csproj", "{9DC0AEC2-565A-4448-99B4-9405F7E7DCC0}"
EndProject
Project("{9A19103F-16F7-4668-BE54-9A1E7A4F7556}") = "R5T.T0161", "..\..\R5T.T0161\source\R5T.T0161\R5T.T0161.csproj", "{3070A4DB-D2CA-42A2-BEFA-40CB2FD4838B}"
EndProject
Project("{9A19103F-16F7-4668-BE54-9A1E7A4F7556}") = "R5T.T0162", "..\..\R5T.T0162\source\R5T.T0162\R5T.T0162.csproj", "{736D7973-A159-4703-BF7C-379E7F581130}"
EndProject
Project("{9A19103F-16F7-4668-BE54-9A1E7A4F7556}") = "R5T.T0169", "..\..\R5T.T0169\source\R5T.T0169\R5T.T0169.csproj", "{295F2319-F9F3-4879-A2A3-0A029C34B5BF}"
EndProject
Project("{9A19103F-16F7-4668-BE54-9A1E7A4F7556}") = "R5T.T0170", "..\..\R5T.T0170\source\R5T.T0170\R5T.T0170.csproj", "{86D384E6-1147-4A4E-A72A-7D8F46319731}"
EndProject
Project("{9A19103F-16F7-4668-BE54-9A1E7A4F7556}") = "R5T.T0171", "..\..\R5T.T0171\source\R5T.T0171\R5T.T0171.csproj", "{09A22BC4-308C-4FD7-AC07-09DF9D8BA891}"
EndProject
Project("{9A19103F-16F7-4668-BE54-9A1E7A4F7556}") = "R5T.T0172", "..\..\R5T.T0172\source\R5T.T0172\R5T.T0172.csproj", "{67F7C473-CF8B-41F9-B346-8C7D029E3722}"
EndProject
Project("{9A19103F-16F7-4668-BE54-9A1E7A4F7556}") = "R5T.T0173", "..\..\R5T.T0173\source\R5T.T0173\R5T.T0173.csproj", "{5C5D0291-6191-40BF-ADA9-0F86DB4DB55F}"
EndProject
Project("{9A19103F-16F7-4668-BE54-9A1E7A4F7556}") = "R5T.Z0037", "..\..\R5T.Z0037\source\R5T.Z0037\R5T.Z0037.csproj", "{189DEE06-5FC4-4523-8DDB-60833ED98986}"
EndProject
Global
	GlobalSection(NestedProjects) = preSolution
		{28B9BD98-1DA6-41AB-8EEB-2BC23DEBB21E} = {6CC82C08-6C49-46C8-BCB3-99D542155D88}
		{B3E78793-AA35-487F-AE53-60219CF294EE} = {6CC82C08-6C49-46C8-BCB3-99D542155D88}
		{CA9C4D77-3971-415F-B099-DB1F2D87C04B} = {6CC82C08-6C49-46C8-BCB3-99D542155D88}
		{26B1BE11-110D-4E36-9D3E-6BDC6D341268} = {6CC82C08-6C49-46C8-BCB3-99D542155D88}
		{D916262E-2912-4305-BB3F-B8484A3A6C6D} = {6CC82C08-6C49-46C8-BCB3-99D542155D88}
		{9A3870A7-1753-46F1-AE80-F6601806F4BF} = {6CC82C08-6C49-46C8-BCB3-99D542155D88}
		{2B0AA307-D85E-498C-B55D-3B501DB03138} = {6CC82C08-6C49-46C8-BCB3-99D542155D88}
		{15A8687A-E7D1-4FC5-A0E0-613876442170} = {6CC82C08-6C49-46C8-BCB3-99D542155D88}
		{E0833BBB-4BB9-41B7-B980-9C0A5F76A248} = {6CC82C08-6C49-46C8-BCB3-99D542155D88}
		{E059D356-9D84-4DE7-A90C-78153229FD07} = {6CC82C08-6C49-46C8-BCB3-99D542155D88}
		{E2D2131B-258C-42E8-8066-74AA71C071FA} = {6CC82C08-6C49-46C8-BCB3-99D542155D88}
		{FFFE0E2E-2DEA-4234-9675-CF5B6079909A} = {6CC82C08-6C49-46C8-BCB3-99D542155D88}
		{11A879E2-8ABA-40D1-AF46-04961E9B054F} = {6CC82C08-6C49-46C8-BCB3-99D542155D88}
		{E0C53D14-6EC2-44C8-BED8-51388AF503D3} = {6CC82C08-6C49-46C8-BCB3-99D542155D88}
		{523F9862-E8DA-4226-A1C1-4887DE0E0F91} = {6CC82C08-6C49-46C8-BCB3-99D542155D88}
		{176FF20A-77F0-405D-9973-B1BA20CB0AAA} = {6CC82C08-6C49-46C8-BCB3-99D542155D88}
		{258F24EE-22F1-443C-A98E-975B274DA898} = {6CC82C08-6C49-46C8-BCB3-99D542155D88}
		{A2B94264-14F3-4988-83FE-8EDF5425A541} = {6CC82C08-6C49-46C8-BCB3-99D542155D88}
		{60E14D53-FA05-429B-97EF-8CC4989062D3} = {6CC82C08-6C49-46C8-BCB3-99D542155D88}
		{684782E7-E120-4678-A9FC-0316D4561356} = {6CC82C08-6C49-46C8-BCB3-99D542155D88}
		{90E00710-FD97-472F-AB68-58828056D15B} = {6CC82C08-6C49-46C8-BCB3-99D542155D88}
		{8484FF72-BA2A-4187-8438-97A3FE639EDC} = {6CC82C08-6C49-46C8-BCB3-99D542155D88}
		{EB2E73EC-6598-4C86-A12D-C39FB0289142} = {6CC82C08-6C49-46C8-BCB3-99D542155D88}
		{0FC0619A-B873-48A9-8938-969FD9D7D1A5} = {6CC82C08-6C49-46C8-BCB3-99D542155D88}
		{6E473095-BEDA-4FB1-B50F-AA8EF4D657C4} = {6CC82C08-6C49-46C8-BCB3-99D542155D88}
		{A856DA27-FB33-4213-B585-CE6D9DAA09F8} = {6CC82C08-6C49-46C8-BCB3-99D542155D88}
		{158CB136-FF8D-41D0-ABC8-6E23CDD55F84} = {6CC82C08-6C49-46C8-BCB3-99D542155D88}
		{08C1CC3A-4641-4E36-8481-DF20D5AD00FE} = {6CC82C08-6C49-46C8-BCB3-99D542155D88}
		{A4DBE59D-8F9A-4B7A-9101-0E38B46494C1} = {6CC82C08-6C49-46C8-BCB3-99D542155D88}
		{009F1452-E187-4DAA-BBC3-FCC794FA3287} = {6CC82C08-6C49-46C8-BCB3-99D542155D88}
		{1CA76CC4-60CC-403A-A671-B25EA7564263} = {6CC82C08-6C49-46C8-BCB3-99D542155D88}
		{F058F931-7572-4B15-A746-4E7B119B4C4E} = {6CC82C08-6C49-46C8-BCB3-99D542155D88}
		{B7889598-E772-41CD-8A7B-6D7620AD9595} = {6CC82C08-6C49-46C8-BCB3-99D542155D88}
		{2CDB20E6-5857-4F5E-B145-3C338169FB6C} = {6CC82C08-6C49-46C8-BCB3-99D542155D88}
		{B587BBA3-6A4A-4294-978F-6C1B3208052F} = {6CC82C08-6C49-46C8-BCB3-99D542155D88}
		{4FA4F3F0-3E92-4628-B493-9AB051150787} = {6CC82C08-6C49-46C8-BCB3-99D542155D88}
		{78DD602C-9B26-49F4-AF86-585096AE3027} = {6CC82C08-6C49-46C8-BCB3-99D542155D88}
		{9DC0AEC2-565A-4448-99B4-9405F7E7DCC0} = {6CC82C08-6C49-46C8-BCB3-99D542155D88}
		{3070A4DB-D2CA-42A2-BEFA-40CB2FD4838B} = {6CC82C08-6C49-46C8-BCB3-99D542155D88}
		{736D7973-A159-4703-BF7C-379E7F581130} = {6CC82C08-6C49-46C8-BCB3-99D542155D88}
		{295F2319-F9F3-4879-A2A3-0A029C34B5BF} = {6CC82C08-6C49-46C8-BCB3-99D542155D88}
		{86D384E6-1147-4A4E-A72A-7D8F46319731} = {6CC82C08-6C49-46C8-BCB3-99D542155D88}
		{09A22BC4-308C-4FD7-AC07-09DF9D8BA891} = {6CC82C08-6C49-46C8-BCB3-99D542155D88}
		{67F7C473-CF8B-41F9-B346-8C7D029E3722} = {6CC82C08-6C49-46C8-BCB3-99D542155D88}
		{5C5D0291-6191-40BF-ADA9-0F86DB4DB55F} = {6CC82C08-6C49-46C8-BCB3-99D542155D88}
		{189DEE06-5FC4-4523-8DDB-60833ED98986} = {6CC82C08-6C49-46C8-BCB3-99D542155D88}
	EndGlobalSection
	GlobalSection(SolutionConfigurationPlatforms) = preSolution
		Debug|Any CPU = Debug|Any CPU
		Release|Any CPU = Release|Any CPU
	EndGlobalSection
	GlobalSection(ProjectConfigurationPlatforms) = postSolution
		{CC9AC225-988A-4869-B6C5-9806FF966779}.Debug|Any CPU.ActiveCfg = Debug|Any CPU
		{CC9AC225-988A-4869-B6C5-9806FF966779}.Debug|Any CPU.Build.0 = Debug|Any CPU
		{CC9AC225-988A-4869-B6C5-9806FF966779}.Release|Any CPU.ActiveCfg = Release|Any CPU
		{CC9AC225-988A-4869-B6C5-9806FF966779}.Release|Any CPU.Build.0 = Release|Any CPU
		{C38D19B6-38A1-494C-A161-919DDAA57A53}.Debug|Any CPU.ActiveCfg = Debug|Any CPU
		{C38D19B6-38A1-494C-A161-919DDAA57A53}.Debug|Any CPU.Build.0 = Debug|Any CPU
		{C38D19B6-38A1-494C-A161-919DDAA57A53}.Release|Any CPU.ActiveCfg = Release|Any CPU
		{C38D19B6-38A1-494C-A161-919DDAA57A53}.Release|Any CPU.Build.0 = Release|Any CPU
		{BA50F110-C215-46AC-80C3-856ACDB80713}.Debug|Any CPU.ActiveCfg = Debug|Any CPU
		{BA50F110-C215-46AC-80C3-856ACDB80713}.Debug|Any CPU.Build.0 = Debug|Any CPU
		{BA50F110-C215-46AC-80C3-856ACDB80713}.Release|Any CPU.ActiveCfg = Release|Any CPU
		{BA50F110-C215-46AC-80C3-856ACDB80713}.Release|Any CPU.Build.0 = Release|Any CPU
		{28B9BD98-1DA6-41AB-8EEB-2BC23DEBB21E}.Debug|Any CPU.ActiveCfg = Debug|Any CPU
		{28B9BD98-1DA6-41AB-8EEB-2BC23DEBB21E}.Debug|Any CPU.Build.0 = Debug|Any CPU
		{28B9BD98-1DA6-41AB-8EEB-2BC23DEBB21E}.Release|Any CPU.ActiveCfg = Release|Any CPU
		{28B9BD98-1DA6-41AB-8EEB-2BC23DEBB21E}.Release|Any CPU.Build.0 = Release|Any CPU
		{B3E78793-AA35-487F-AE53-60219CF294EE}.Debug|Any CPU.ActiveCfg = Debug|Any CPU
		{B3E78793-AA35-487F-AE53-60219CF294EE}.Debug|Any CPU.Build.0 = Debug|Any CPU
		{B3E78793-AA35-487F-AE53-60219CF294EE}.Release|Any CPU.ActiveCfg = Release|Any CPU
		{B3E78793-AA35-487F-AE53-60219CF294EE}.Release|Any CPU.Build.0 = Release|Any CPU
		{CA9C4D77-3971-415F-B099-DB1F2D87C04B}.Debug|Any CPU.ActiveCfg = Debug|Any CPU
		{CA9C4D77-3971-415F-B099-DB1F2D87C04B}.Debug|Any CPU.Build.0 = Debug|Any CPU
		{CA9C4D77-3971-415F-B099-DB1F2D87C04B}.Release|Any CPU.ActiveCfg = Release|Any CPU
		{CA9C4D77-3971-415F-B099-DB1F2D87C04B}.Release|Any CPU.Build.0 = Release|Any CPU
		{26B1BE11-110D-4E36-9D3E-6BDC6D341268}.Debug|Any CPU.ActiveCfg = Debug|Any CPU
		{26B1BE11-110D-4E36-9D3E-6BDC6D341268}.Debug|Any CPU.Build.0 = Debug|Any CPU
		{26B1BE11-110D-4E36-9D3E-6BDC6D341268}.Release|Any CPU.ActiveCfg = Release|Any CPU
		{26B1BE11-110D-4E36-9D3E-6BDC6D341268}.Release|Any CPU.Build.0 = Release|Any CPU
		{D916262E-2912-4305-BB3F-B8484A3A6C6D}.Debug|Any CPU.ActiveCfg = Debug|Any CPU
		{D916262E-2912-4305-BB3F-B8484A3A6C6D}.Debug|Any CPU.Build.0 = Debug|Any CPU
		{D916262E-2912-4305-BB3F-B8484A3A6C6D}.Release|Any CPU.ActiveCfg = Release|Any CPU
		{D916262E-2912-4305-BB3F-B8484A3A6C6D}.Release|Any CPU.Build.0 = Release|Any CPU
		{9A3870A7-1753-46F1-AE80-F6601806F4BF}.Debug|Any CPU.ActiveCfg = Debug|Any CPU
		{9A3870A7-1753-46F1-AE80-F6601806F4BF}.Debug|Any CPU.Build.0 = Debug|Any CPU
		{9A3870A7-1753-46F1-AE80-F6601806F4BF}.Release|Any CPU.ActiveCfg = Release|Any CPU
		{9A3870A7-1753-46F1-AE80-F6601806F4BF}.Release|Any CPU.Build.0 = Release|Any CPU
		{2B0AA307-D85E-498C-B55D-3B501DB03138}.Debug|Any CPU.ActiveCfg = Debug|Any CPU
		{2B0AA307-D85E-498C-B55D-3B501DB03138}.Debug|Any CPU.Build.0 = Debug|Any CPU
		{2B0AA307-D85E-498C-B55D-3B501DB03138}.Release|Any CPU.ActiveCfg = Release|Any CPU
		{2B0AA307-D85E-498C-B55D-3B501DB03138}.Release|Any CPU.Build.0 = Release|Any CPU
		{15A8687A-E7D1-4FC5-A0E0-613876442170}.Debug|Any CPU.ActiveCfg = Debug|Any CPU
		{15A8687A-E7D1-4FC5-A0E0-613876442170}.Debug|Any CPU.Build.0 = Debug|Any CPU
		{15A8687A-E7D1-4FC5-A0E0-613876442170}.Release|Any CPU.ActiveCfg = Release|Any CPU
		{15A8687A-E7D1-4FC5-A0E0-613876442170}.Release|Any CPU.Build.0 = Release|Any CPU
		{E0833BBB-4BB9-41B7-B980-9C0A5F76A248}.Debug|Any CPU.ActiveCfg = Debug|Any CPU
		{E0833BBB-4BB9-41B7-B980-9C0A5F76A248}.Debug|Any CPU.Build.0 = Debug|Any CPU
		{E0833BBB-4BB9-41B7-B980-9C0A5F76A248}.Release|Any CPU.ActiveCfg = Release|Any CPU
		{E0833BBB-4BB9-41B7-B980-9C0A5F76A248}.Release|Any CPU.Build.0 = Release|Any CPU
		{E059D356-9D84-4DE7-A90C-78153229FD07}.Debug|Any CPU.ActiveCfg = Debug|Any CPU
		{E059D356-9D84-4DE7-A90C-78153229FD07}.Debug|Any CPU.Build.0 = Debug|Any CPU
		{E059D356-9D84-4DE7-A90C-78153229FD07}.Release|Any CPU.ActiveCfg = Release|Any CPU
		{E059D356-9D84-4DE7-A90C-78153229FD07}.Release|Any CPU.Build.0 = Release|Any CPU
		{E2D2131B-258C-42E8-8066-74AA71C071FA}.Debug|Any CPU.ActiveCfg = Debug|Any CPU
		{E2D2131B-258C-42E8-8066-74AA71C071FA}.Debug|Any CPU.Build.0 = Debug|Any CPU
		{E2D2131B-258C-42E8-8066-74AA71C071FA}.Release|Any CPU.ActiveCfg = Release|Any CPU
		{E2D2131B-258C-42E8-8066-74AA71C071FA}.Release|Any CPU.Build.0 = Release|Any CPU
		{FFFE0E2E-2DEA-4234-9675-CF5B6079909A}.Debug|Any CPU.ActiveCfg = Debug|Any CPU
		{FFFE0E2E-2DEA-4234-9675-CF5B6079909A}.Debug|Any CPU.Build.0 = Debug|Any CPU
		{FFFE0E2E-2DEA-4234-9675-CF5B6079909A}.Release|Any CPU.ActiveCfg = Release|Any CPU
		{FFFE0E2E-2DEA-4234-9675-CF5B6079909A}.Release|Any CPU.Build.0 = Release|Any CPU
		{11A879E2-8ABA-40D1-AF46-04961E9B054F}.Debug|Any CPU.ActiveCfg = Debug|Any CPU
		{11A879E2-8ABA-40D1-AF46-04961E9B054F}.Debug|Any CPU.Build.0 = Debug|Any CPU
		{11A879E2-8ABA-40D1-AF46-04961E9B054F}.Release|Any CPU.ActiveCfg = Release|Any CPU
		{11A879E2-8ABA-40D1-AF46-04961E9B054F}.Release|Any CPU.Build.0 = Release|Any CPU
		{E0C53D14-6EC2-44C8-BED8-51388AF503D3}.Debug|Any CPU.ActiveCfg = Debug|Any CPU
		{E0C53D14-6EC2-44C8-BED8-51388AF503D3}.Debug|Any CPU.Build.0 = Debug|Any CPU
		{E0C53D14-6EC2-44C8-BED8-51388AF503D3}.Release|Any CPU.ActiveCfg = Release|Any CPU
		{E0C53D14-6EC2-44C8-BED8-51388AF503D3}.Release|Any CPU.Build.0 = Release|Any CPU
		{523F9862-E8DA-4226-A1C1-4887DE0E0F91}.Debug|Any CPU.ActiveCfg = Debug|Any CPU
		{523F9862-E8DA-4226-A1C1-4887DE0E0F91}.Debug|Any CPU.Build.0 = Debug|Any CPU
		{523F9862-E8DA-4226-A1C1-4887DE0E0F91}.Release|Any CPU.ActiveCfg = Release|Any CPU
		{523F9862-E8DA-4226-A1C1-4887DE0E0F91}.Release|Any CPU.Build.0 = Release|Any CPU
		{176FF20A-77F0-405D-9973-B1BA20CB0AAA}.Debug|Any CPU.ActiveCfg = Debug|Any CPU
		{176FF20A-77F0-405D-9973-B1BA20CB0AAA}.Debug|Any CPU.Build.0 = Debug|Any CPU
		{176FF20A-77F0-405D-9973-B1BA20CB0AAA}.Release|Any CPU.ActiveCfg = Release|Any CPU
		{176FF20A-77F0-405D-9973-B1BA20CB0AAA}.Release|Any CPU.Build.0 = Release|Any CPU
		{258F24EE-22F1-443C-A98E-975B274DA898}.Debug|Any CPU.ActiveCfg = Debug|Any CPU
		{258F24EE-22F1-443C-A98E-975B274DA898}.Debug|Any CPU.Build.0 = Debug|Any CPU
		{258F24EE-22F1-443C-A98E-975B274DA898}.Release|Any CPU.ActiveCfg = Release|Any CPU
		{258F24EE-22F1-443C-A98E-975B274DA898}.Release|Any CPU.Build.0 = Release|Any CPU
		{A2B94264-14F3-4988-83FE-8EDF5425A541}.Debug|Any CPU.ActiveCfg = Debug|Any CPU
		{A2B94264-14F3-4988-83FE-8EDF5425A541}.Debug|Any CPU.Build.0 = Debug|Any CPU
		{A2B94264-14F3-4988-83FE-8EDF5425A541}.Release|Any CPU.ActiveCfg = Release|Any CPU
		{A2B94264-14F3-4988-83FE-8EDF5425A541}.Release|Any CPU.Build.0 = Release|Any CPU
		{60E14D53-FA05-429B-97EF-8CC4989062D3}.Debug|Any CPU.ActiveCfg = Debug|Any CPU
		{60E14D53-FA05-429B-97EF-8CC4989062D3}.Debug|Any CPU.Build.0 = Debug|Any CPU
		{60E14D53-FA05-429B-97EF-8CC4989062D3}.Release|Any CPU.ActiveCfg = Release|Any CPU
		{60E14D53-FA05-429B-97EF-8CC4989062D3}.Release|Any CPU.Build.0 = Release|Any CPU
		{684782E7-E120-4678-A9FC-0316D4561356}.Debug|Any CPU.ActiveCfg = Debug|Any CPU
		{684782E7-E120-4678-A9FC-0316D4561356}.Debug|Any CPU.Build.0 = Debug|Any CPU
		{684782E7-E120-4678-A9FC-0316D4561356}.Release|Any CPU.ActiveCfg = Release|Any CPU
		{684782E7-E120-4678-A9FC-0316D4561356}.Release|Any CPU.Build.0 = Release|Any CPU
		{90E00710-FD97-472F-AB68-58828056D15B}.Debug|Any CPU.ActiveCfg = Debug|Any CPU
		{90E00710-FD97-472F-AB68-58828056D15B}.Debug|Any CPU.Build.0 = Debug|Any CPU
		{90E00710-FD97-472F-AB68-58828056D15B}.Release|Any CPU.ActiveCfg = Release|Any CPU
		{90E00710-FD97-472F-AB68-58828056D15B}.Release|Any CPU.Build.0 = Release|Any CPU
		{8484FF72-BA2A-4187-8438-97A3FE639EDC}.Debug|Any CPU.ActiveCfg = Debug|Any CPU
		{8484FF72-BA2A-4187-8438-97A3FE639EDC}.Debug|Any CPU.Build.0 = Debug|Any CPU
		{8484FF72-BA2A-4187-8438-97A3FE639EDC}.Release|Any CPU.ActiveCfg = Release|Any CPU
		{8484FF72-BA2A-4187-8438-97A3FE639EDC}.Release|Any CPU.Build.0 = Release|Any CPU
		{EB2E73EC-6598-4C86-A12D-C39FB0289142}.Debug|Any CPU.ActiveCfg = Debug|Any CPU
		{EB2E73EC-6598-4C86-A12D-C39FB0289142}.Debug|Any CPU.Build.0 = Debug|Any CPU
		{EB2E73EC-6598-4C86-A12D-C39FB0289142}.Release|Any CPU.ActiveCfg = Release|Any CPU
		{EB2E73EC-6598-4C86-A12D-C39FB0289142}.Release|Any CPU.Build.0 = Release|Any CPU
		{0FC0619A-B873-48A9-8938-969FD9D7D1A5}.Debug|Any CPU.ActiveCfg = Debug|Any CPU
		{0FC0619A-B873-48A9-8938-969FD9D7D1A5}.Debug|Any CPU.Build.0 = Debug|Any CPU
		{0FC0619A-B873-48A9-8938-969FD9D7D1A5}.Release|Any CPU.ActiveCfg = Release|Any CPU
		{0FC0619A-B873-48A9-8938-969FD9D7D1A5}.Release|Any CPU.Build.0 = Release|Any CPU
		{6E473095-BEDA-4FB1-B50F-AA8EF4D657C4}.Debug|Any CPU.ActiveCfg = Debug|Any CPU
		{6E473095-BEDA-4FB1-B50F-AA8EF4D657C4}.Debug|Any CPU.Build.0 = Debug|Any CPU
		{6E473095-BEDA-4FB1-B50F-AA8EF4D657C4}.Release|Any CPU.ActiveCfg = Release|Any CPU
		{6E473095-BEDA-4FB1-B50F-AA8EF4D657C4}.Release|Any CPU.Build.0 = Release|Any CPU
		{A856DA27-FB33-4213-B585-CE6D9DAA09F8}.Debug|Any CPU.ActiveCfg = Debug|Any CPU
		{A856DA27-FB33-4213-B585-CE6D9DAA09F8}.Debug|Any CPU.Build.0 = Debug|Any CPU
		{A856DA27-FB33-4213-B585-CE6D9DAA09F8}.Release|Any CPU.ActiveCfg = Release|Any CPU
		{A856DA27-FB33-4213-B585-CE6D9DAA09F8}.Release|Any CPU.Build.0 = Release|Any CPU
		{158CB136-FF8D-41D0-ABC8-6E23CDD55F84}.Debug|Any CPU.ActiveCfg = Debug|Any CPU
		{158CB136-FF8D-41D0-ABC8-6E23CDD55F84}.Debug|Any CPU.Build.0 = Debug|Any CPU
		{158CB136-FF8D-41D0-ABC8-6E23CDD55F84}.Release|Any CPU.ActiveCfg = Release|Any CPU
		{158CB136-FF8D-41D0-ABC8-6E23CDD55F84}.Release|Any CPU.Build.0 = Release|Any CPU
		{08C1CC3A-4641-4E36-8481-DF20D5AD00FE}.Debug|Any CPU.ActiveCfg = Debug|Any CPU
		{08C1CC3A-4641-4E36-8481-DF20D5AD00FE}.Debug|Any CPU.Build.0 = Debug|Any CPU
		{08C1CC3A-4641-4E36-8481-DF20D5AD00FE}.Release|Any CPU.ActiveCfg = Release|Any CPU
		{08C1CC3A-4641-4E36-8481-DF20D5AD00FE}.Release|Any CPU.Build.0 = Release|Any CPU
		{A4DBE59D-8F9A-4B7A-9101-0E38B46494C1}.Debug|Any CPU.ActiveCfg = Debug|Any CPU
		{A4DBE59D-8F9A-4B7A-9101-0E38B46494C1}.Debug|Any CPU.Build.0 = Debug|Any CPU
		{A4DBE59D-8F9A-4B7A-9101-0E38B46494C1}.Release|Any CPU.ActiveCfg = Release|Any CPU
		{A4DBE59D-8F9A-4B7A-9101-0E38B46494C1}.Release|Any CPU.Build.0 = Release|Any CPU
		{754D5F8D-16EF-4993-B864-F3A026A482D1}.Debug|Any CPU.ActiveCfg = Debug|Any CPU
		{754D5F8D-16EF-4993-B864-F3A026A482D1}.Debug|Any CPU.Build.0 = Debug|Any CPU
		{754D5F8D-16EF-4993-B864-F3A026A482D1}.Release|Any CPU.ActiveCfg = Release|Any CPU
		{754D5F8D-16EF-4993-B864-F3A026A482D1}.Release|Any CPU.Build.0 = Release|Any CPU
		{009F1452-E187-4DAA-BBC3-FCC794FA3287}.Debug|Any CPU.ActiveCfg = Debug|Any CPU
		{009F1452-E187-4DAA-BBC3-FCC794FA3287}.Debug|Any CPU.Build.0 = Debug|Any CPU
		{009F1452-E187-4DAA-BBC3-FCC794FA3287}.Release|Any CPU.ActiveCfg = Release|Any CPU
		{009F1452-E187-4DAA-BBC3-FCC794FA3287}.Release|Any CPU.Build.0 = Release|Any CPU
		{1CA76CC4-60CC-403A-A671-B25EA7564263}.Debug|Any CPU.ActiveCfg = Debug|Any CPU
		{1CA76CC4-60CC-403A-A671-B25EA7564263}.Debug|Any CPU.Build.0 = Debug|Any CPU
		{1CA76CC4-60CC-403A-A671-B25EA7564263}.Release|Any CPU.ActiveCfg = Release|Any CPU
		{1CA76CC4-60CC-403A-A671-B25EA7564263}.Release|Any CPU.Build.0 = Release|Any CPU
		{F058F931-7572-4B15-A746-4E7B119B4C4E}.Debug|Any CPU.ActiveCfg = Debug|Any CPU
		{F058F931-7572-4B15-A746-4E7B119B4C4E}.Debug|Any CPU.Build.0 = Debug|Any CPU
		{F058F931-7572-4B15-A746-4E7B119B4C4E}.Release|Any CPU.ActiveCfg = Release|Any CPU
		{F058F931-7572-4B15-A746-4E7B119B4C4E}.Release|Any CPU.Build.0 = Release|Any CPU
		{B7889598-E772-41CD-8A7B-6D7620AD9595}.Debug|Any CPU.ActiveCfg = Debug|Any CPU
		{B7889598-E772-41CD-8A7B-6D7620AD9595}.Debug|Any CPU.Build.0 = Debug|Any CPU
		{B7889598-E772-41CD-8A7B-6D7620AD9595}.Release|Any CPU.ActiveCfg = Release|Any CPU
		{B7889598-E772-41CD-8A7B-6D7620AD9595}.Release|Any CPU.Build.0 = Release|Any CPU
		{2CDB20E6-5857-4F5E-B145-3C338169FB6C}.Debug|Any CPU.ActiveCfg = Debug|Any CPU
		{2CDB20E6-5857-4F5E-B145-3C338169FB6C}.Debug|Any CPU.Build.0 = Debug|Any CPU
		{2CDB20E6-5857-4F5E-B145-3C338169FB6C}.Release|Any CPU.ActiveCfg = Release|Any CPU
		{2CDB20E6-5857-4F5E-B145-3C338169FB6C}.Release|Any CPU.Build.0 = Release|Any CPU
		{B587BBA3-6A4A-4294-978F-6C1B3208052F}.Debug|Any CPU.ActiveCfg = Debug|Any CPU
		{B587BBA3-6A4A-4294-978F-6C1B3208052F}.Debug|Any CPU.Build.0 = Debug|Any CPU
		{B587BBA3-6A4A-4294-978F-6C1B3208052F}.Release|Any CPU.ActiveCfg = Release|Any CPU
		{B587BBA3-6A4A-4294-978F-6C1B3208052F}.Release|Any CPU.Build.0 = Release|Any CPU
		{4FA4F3F0-3E92-4628-B493-9AB051150787}.Debug|Any CPU.ActiveCfg = Debug|Any CPU
		{4FA4F3F0-3E92-4628-B493-9AB051150787}.Debug|Any CPU.Build.0 = Debug|Any CPU
		{4FA4F3F0-3E92-4628-B493-9AB051150787}.Release|Any CPU.ActiveCfg = Release|Any CPU
		{4FA4F3F0-3E92-4628-B493-9AB051150787}.Release|Any CPU.Build.0 = Release|Any CPU
		{78DD602C-9B26-49F4-AF86-585096AE3027}.Debug|Any CPU.ActiveCfg = Debug|Any CPU
		{78DD602C-9B26-49F4-AF86-585096AE3027}.Debug|Any CPU.Build.0 = Debug|Any CPU
		{78DD602C-9B26-49F4-AF86-585096AE3027}.Release|Any CPU.ActiveCfg = Release|Any CPU
		{78DD602C-9B26-49F4-AF86-585096AE3027}.Release|Any CPU.Build.0 = Release|Any CPU
		{9DC0AEC2-565A-4448-99B4-9405F7E7DCC0}.Debug|Any CPU.ActiveCfg = Debug|Any CPU
		{9DC0AEC2-565A-4448-99B4-9405F7E7DCC0}.Debug|Any CPU.Build.0 = Debug|Any CPU
		{9DC0AEC2-565A-4448-99B4-9405F7E7DCC0}.Release|Any CPU.ActiveCfg = Release|Any CPU
		{9DC0AEC2-565A-4448-99B4-9405F7E7DCC0}.Release|Any CPU.Build.0 = Release|Any CPU
		{3070A4DB-D2CA-42A2-BEFA-40CB2FD4838B}.Debug|Any CPU.ActiveCfg = Debug|Any CPU
		{3070A4DB-D2CA-42A2-BEFA-40CB2FD4838B}.Debug|Any CPU.Build.0 = Debug|Any CPU
		{3070A4DB-D2CA-42A2-BEFA-40CB2FD4838B}.Release|Any CPU.ActiveCfg = Release|Any CPU
		{3070A4DB-D2CA-42A2-BEFA-40CB2FD4838B}.Release|Any CPU.Build.0 = Release|Any CPU
		{736D7973-A159-4703-BF7C-379E7F581130}.Debug|Any CPU.ActiveCfg = Debug|Any CPU
		{736D7973-A159-4703-BF7C-379E7F581130}.Debug|Any CPU.Build.0 = Debug|Any CPU
		{736D7973-A159-4703-BF7C-379E7F581130}.Release|Any CPU.ActiveCfg = Release|Any CPU
		{736D7973-A159-4703-BF7C-379E7F581130}.Release|Any CPU.Build.0 = Release|Any CPU
		{295F2319-F9F3-4879-A2A3-0A029C34B5BF}.Debug|Any CPU.ActiveCfg = Debug|Any CPU
		{295F2319-F9F3-4879-A2A3-0A029C34B5BF}.Debug|Any CPU.Build.0 = Debug|Any CPU
		{295F2319-F9F3-4879-A2A3-0A029C34B5BF}.Release|Any CPU.ActiveCfg = Release|Any CPU
		{295F2319-F9F3-4879-A2A3-0A029C34B5BF}.Release|Any CPU.Build.0 = Release|Any CPU
		{86D384E6-1147-4A4E-A72A-7D8F46319731}.Debug|Any CPU.ActiveCfg = Debug|Any CPU
		{86D384E6-1147-4A4E-A72A-7D8F46319731}.Debug|Any CPU.Build.0 = Debug|Any CPU
		{86D384E6-1147-4A4E-A72A-7D8F46319731}.Release|Any CPU.ActiveCfg = Release|Any CPU
		{86D384E6-1147-4A4E-A72A-7D8F46319731}.Release|Any CPU.Build.0 = Release|Any CPU
		{09A22BC4-308C-4FD7-AC07-09DF9D8BA891}.Debug|Any CPU.ActiveCfg = Debug|Any CPU
		{09A22BC4-308C-4FD7-AC07-09DF9D8BA891}.Debug|Any CPU.Build.0 = Debug|Any CPU
		{09A22BC4-308C-4FD7-AC07-09DF9D8BA891}.Release|Any CPU.ActiveCfg = Release|Any CPU
		{09A22BC4-308C-4FD7-AC07-09DF9D8BA891}.Release|Any CPU.Build.0 = Release|Any CPU
		{67F7C473-CF8B-41F9-B346-8C7D029E3722}.Debug|Any CPU.ActiveCfg = Debug|Any CPU
		{67F7C473-CF8B-41F9-B346-8C7D029E3722}.Debug|Any CPU.Build.0 = Debug|Any CPU
		{67F7C473-CF8B-41F9-B346-8C7D029E3722}.Release|Any CPU.ActiveCfg = Release|Any CPU
		{67F7C473-CF8B-41F9-B346-8C7D029E3722}.Release|Any CPU.Build.0 = Release|Any CPU
		{5C5D0291-6191-40BF-ADA9-0F86DB4DB55F}.Debug|Any CPU.ActiveCfg = Debug|Any CPU
		{5C5D0291-6191-40BF-ADA9-0F86DB4DB55F}.Debug|Any CPU.Build.0 = Debug|Any CPU
		{5C5D0291-6191-40BF-ADA9-0F86DB4DB55F}.Release|Any CPU.ActiveCfg = Release|Any CPU
		{5C5D0291-6191-40BF-ADA9-0F86DB4DB55F}.Release|Any CPU.Build.0 = Release|Any CPU
		{189DEE06-5FC4-4523-8DDB-60833ED98986}.Debug|Any CPU.ActiveCfg = Debug|Any CPU
		{189DEE06-5FC4-4523-8DDB-60833ED98986}.Debug|Any CPU.Build.0 = Debug|Any CPU
		{189DEE06-5FC4-4523-8DDB-60833ED98986}.Release|Any CPU.ActiveCfg = Release|Any CPU
		{189DEE06-5FC4-4523-8DDB-60833ED98986}.Release|Any CPU.Build.0 = Release|Any CPU
	EndGlobalSection
	GlobalSection(SolutionProperties) = preSolution
		HideSolutionNode = FALSE
	EndGlobalSection
	GlobalSection(ExtensibilityGlobals) = postSolution
		SolutionGuid = {0C401F2E-A2B0-4E42-8CBF-B9DC7FE4E6A5}
	EndGlobalSection
EndGlobal
