
Microsoft Visual Studio Solution File, Format Version 12.00
# Visual Studio Version 17
VisualStudioVersion = 17.2.32630.192
MinimumVisualStudioVersion = 10.0.40219.1
Project("{9A19103F-16F7-4668-BE54-9A1E7A4F7556}") = "R5T.L0052", "R5T.L0052\R5T.L0052.csproj", "{57AE6D7B-93E8-408D-9BDE-4448AB6ABAF5}"
EndProject
Project("{2150E333-8FDC-42A3-9474-1A3956D46DE8}") = "_Dependencies", "_Dependencies", "{E59A9B2B-9474-4E3B-9EE9-A23226C79585}"
EndProject
Project("{9A19103F-16F7-4668-BE54-9A1E7A4F7556}") = "R5T.F0000", "..\..\R5T.F0000\source\R5T.F0000\R5T.F0000.csproj", "{68147AF5-F08D-47D4-8F4B-44A109DD0318}"
EndProject
Project("{9A19103F-16F7-4668-BE54-9A1E7A4F7556}") = "R5T.F0002", "..\..\R5T.F0002\source\R5T.F0002\R5T.F0002.csproj", "{151670AA-EECB-422D-B22A-037EADCE94D2}"
EndProject
Project("{9A19103F-16F7-4668-BE54-9A1E7A4F7556}") = "R5T.F0017.F002", "..\..\R5T.F0017\source\R5T.F0017.F002\R5T.F0017.F002.csproj", "{E9ACACF7-2031-4E21-B64C-284DB80880CF}"
EndProject
Project("{9A19103F-16F7-4668-BE54-9A1E7A4F7556}") = "R5T.F0018", "..\..\R5T.F0018\source\R5T.F0018\R5T.F0018.csproj", "{DC29A523-2DC9-4D40-A1D2-EE6089C9053B}"
EndProject
Project("{9A19103F-16F7-4668-BE54-9A1E7A4F7556}") = "R5T.F0032", "..\..\R5T.F0032\source\R5T.F0032\R5T.F0032.csproj", "{DBE22CBB-9190-4E68-9039-B3AC8509F9FF}"
EndProject
Project("{9A19103F-16F7-4668-BE54-9A1E7A4F7556}") = "R5T.F0099.T000", "..\..\R5T.F0099\source\R5T.F0099.T000\R5T.F0099.T000.csproj", "{CA5B3829-CC11-469B-AEB8-5B63C31368A1}"
EndProject
Project("{9A19103F-16F7-4668-BE54-9A1E7A4F7556}") = "R5T.F0109", "..\..\R5T.F0109\source\R5T.F0109\R5T.F0109.csproj", "{36C34A65-9DF5-4222-937A-C05694D56923}"
EndProject
Project("{9A19103F-16F7-4668-BE54-9A1E7A4F7556}") = "R5T.F0120", "..\..\R5T.F0120\source\R5T.F0120\R5T.F0120.csproj", "{591436BF-C19B-4CF2-8E94-58C625476FC9}"
EndProject
Project("{9A19103F-16F7-4668-BE54-9A1E7A4F7556}") = "R5T.F0124", "..\..\R5T.F0124\source\R5T.F0124\R5T.F0124.csproj", "{6AE802D4-B295-44A2-BC8C-6BD5A6DB1121}"
EndProject
Project("{9A19103F-16F7-4668-BE54-9A1E7A4F7556}") = "R5T.F0125", "..\..\R5T.F0125\source\R5T.F0125\R5T.F0125.csproj", "{D58CFCA9-DC5D-465E-8CCB-C9A87BB55239}"
EndProject
Project("{9A19103F-16F7-4668-BE54-9A1E7A4F7556}") = "R5T.L0030.T000", "..\..\R5T.L0030\source\R5T.L0030.T000\R5T.L0030.T000.csproj", "{C81984CF-9804-44D3-9714-1107B9101AC9}"
EndProject
Project("{9A19103F-16F7-4668-BE54-9A1E7A4F7556}") = "R5T.L0030", "..\..\R5T.L0030\source\R5T.L0030\R5T.L0030.csproj", "{5661608D-7107-4B6F-BD0B-3CC240A9E127}"
EndProject
Project("{9A19103F-16F7-4668-BE54-9A1E7A4F7556}") = "R5T.L0034", "..\..\R5T.L0034\source\R5T.L0034\R5T.L0034.csproj", "{51CA7259-32EF-48C1-8B34-0614459AA601}"
EndProject
Project("{9A19103F-16F7-4668-BE54-9A1E7A4F7556}") = "R5T.L0035", "..\..\R5T.L0035\source\R5T.L0035\R5T.L0035.csproj", "{6A0033DB-1091-4D9A-A819-CD8CF8554EED}"
EndProject
Project("{9A19103F-16F7-4668-BE54-9A1E7A4F7556}") = "R5T.L0052.Z001", "R5T.L0052.Z001\R5T.L0052.Z001.csproj", "{85017047-914E-4448-89AD-6DB93B733308}"
EndProject
Project("{9A19103F-16F7-4668-BE54-9A1E7A4F7556}") = "R5T.NG0008", "..\..\R5T.NG0008\source\R5T.NG0008\R5T.NG0008.csproj", "{5139AF0C-4A7A-4126-AC8A-F5E135FA943D}"
EndProject
Project("{9A19103F-16F7-4668-BE54-9A1E7A4F7556}") = "R5T.NG0010", "..\..\R5T.NG0010\source\R5T.NG0010\R5T.NG0010.csproj", "{A6ED414D-614B-44CA-B0C9-22DB466800DD}"
EndProject
Project("{9A19103F-16F7-4668-BE54-9A1E7A4F7556}") = "R5T.NG0022", "..\..\R5T.NG0022\source\R5T.NG0022\R5T.NG0022.csproj", "{6385788F-08B0-4045-8695-59ED7F13C860}"
EndProject
Project("{9A19103F-16F7-4668-BE54-9A1E7A4F7556}") = "R5T.T0131", "..\..\R5T.T0131\source\R5T.T0131\R5T.T0131.csproj", "{4414278A-9D63-4D13-8A5F-4F96C35E8225}"
EndProject
Project("{9A19103F-16F7-4668-BE54-9A1E7A4F7556}") = "R5T.T0132", "..\..\R5T.T0132\source\R5T.T0132\R5T.T0132.csproj", "{A9806B40-EBA6-4734-9716-6E16BA3AB5BA}"
EndProject
Project("{9A19103F-16F7-4668-BE54-9A1E7A4F7556}") = "R5T.T0142", "..\..\R5T.T0142\source\R5T.T0142\R5T.T0142.csproj", "{F6BECB27-6FE9-4484-B471-DEF5D7EC3B81}"
EndProject
Project("{9A19103F-16F7-4668-BE54-9A1E7A4F7556}") = "R5T.T0143", "..\..\R5T.T0143\source\R5T.T0143\R5T.T0143.csproj", "{0203DED7-8256-495F-8675-F1BB041EE36F}"
EndProject
Project("{9A19103F-16F7-4668-BE54-9A1E7A4F7556}") = "R5T.T0150", "..\..\R5T.T0150\source\R5T.T0150\R5T.T0150.csproj", "{2C4824BE-D67A-4DD7-BD69-3C6701A7E703}"
EndProject
Project("{9A19103F-16F7-4668-BE54-9A1E7A4F7556}") = "R5T.T0151", "..\..\R5T.T0151\source\R5T.T0151\R5T.T0151.csproj", "{23BD3050-4174-4807-A63E-4F2F7399BCF7}"
EndProject
Project("{9A19103F-16F7-4668-BE54-9A1E7A4F7556}") = "R5T.T0156", "..\..\R5T.T0156\source\R5T.T0156\R5T.T0156.csproj", "{437F3A9C-35E1-41D6-8781-26053C5BFB02}"
EndProject
Project("{9A19103F-16F7-4668-BE54-9A1E7A4F7556}") = "R5T.T0161", "..\..\R5T.T0161\source\R5T.T0161\R5T.T0161.csproj", "{1961C04B-108E-4F34-AB95-D417DCE97F04}"
EndProject
Project("{9A19103F-16F7-4668-BE54-9A1E7A4F7556}") = "R5T.T0162", "..\..\R5T.T0162\source\R5T.T0162\R5T.T0162.csproj", "{1633E59E-C3A2-4B52-9E17-015FE005C0BB}"
EndProject
Project("{9A19103F-16F7-4668-BE54-9A1E7A4F7556}") = "R5T.T0169", "..\..\R5T.T0169\source\R5T.T0169\R5T.T0169.csproj", "{F5457B51-D5ED-4454-825D-AE13597A7D0B}"
EndProject
Project("{9A19103F-16F7-4668-BE54-9A1E7A4F7556}") = "R5T.T0170", "..\..\R5T.T0170\source\R5T.T0170\R5T.T0170.csproj", "{B50A2AE4-85F5-4417-A600-2A2CD258AE9E}"
EndProject
Project("{9A19103F-16F7-4668-BE54-9A1E7A4F7556}") = "R5T.T0171", "..\..\R5T.T0171\source\R5T.T0171\R5T.T0171.csproj", "{CB030307-3490-40CD-905B-ADF6A6E94621}"
EndProject
Project("{9A19103F-16F7-4668-BE54-9A1E7A4F7556}") = "R5T.T0172", "..\..\R5T.T0172\source\R5T.T0172\R5T.T0172.csproj", "{7CE8ACDC-06E1-4BC5-8DC7-1C6A3CDCF80C}"
EndProject
Project("{9A19103F-16F7-4668-BE54-9A1E7A4F7556}") = "R5T.T0173", "..\..\R5T.T0173\source\R5T.T0173\R5T.T0173.csproj", "{8186899D-D57F-494F-A019-49920DADD7A1}"
EndProject
Project("{9A19103F-16F7-4668-BE54-9A1E7A4F7556}") = "R5T.T0174", "..\..\R5T.T0174\source\R5T.T0174\R5T.T0174.csproj", "{D1FF460E-3DF1-4FA6-9647-A00C4CD5402D}"
EndProject
Project("{9A19103F-16F7-4668-BE54-9A1E7A4F7556}") = "R5T.T0176", "..\..\R5T.T0176\source\R5T.T0176\R5T.T0176.csproj", "{F88E2DB3-450F-4C4C-AE6B-2746A9F54181}"
EndProject
Project("{9A19103F-16F7-4668-BE54-9A1E7A4F7556}") = "R5T.T0177", "..\..\R5T.T0177\source\R5T.T0177\R5T.T0177.csproj", "{32D910DC-C9AD-4795-8743-51ECDABB93AF}"
EndProject
Project("{9A19103F-16F7-4668-BE54-9A1E7A4F7556}") = "R5T.T0178", "..\..\R5T.T0178\source\R5T.T0178\R5T.T0178.csproj", "{49D66F20-5863-494C-B4FE-6979142FE251}"
EndProject
Project("{9A19103F-16F7-4668-BE54-9A1E7A4F7556}") = "R5T.T0179", "..\..\R5T.T0179\source\R5T.T0179\R5T.T0179.csproj", "{F80A651E-B17C-4E44-B625-6956A9F5B8D1}"
EndProject
Project("{9A19103F-16F7-4668-BE54-9A1E7A4F7556}") = "R5T.T0180", "..\..\R5T.T0180\source\R5T.T0180\R5T.T0180.csproj", "{2854B019-3E51-4416-A1B1-C087B03DA73B}"
EndProject
Project("{9A19103F-16F7-4668-BE54-9A1E7A4F7556}") = "R5T.T0181", "..\..\R5T.T0181\source\R5T.T0181\R5T.T0181.csproj", "{36D94B5B-3155-4775-9581-F1325C5F6867}"
EndProject
Project("{9A19103F-16F7-4668-BE54-9A1E7A4F7556}") = "R5T.T0185", "..\..\R5T.T0185\source\R5T.T0185\R5T.T0185.csproj", "{C7328CD4-C72B-4AC1-9AB8-1FFC215634C5}"
EndProject
Project("{9A19103F-16F7-4668-BE54-9A1E7A4F7556}") = "R5T.T0199", "..\..\R5T.T0199\source\R5T.T0199\R5T.T0199.csproj", "{8151345B-B2B2-4E32-9946-B3EC79D1F68A}"
EndProject
Project("{9A19103F-16F7-4668-BE54-9A1E7A4F7556}") = "R5T.T0203", "..\..\R5T.T0203\source\R5T.T0203\R5T.T0203.csproj", "{43FFBE12-C692-49CB-B2A2-A452FC7BCF2F}"
EndProject
Project("{9A19103F-16F7-4668-BE54-9A1E7A4F7556}") = "R5T.T0220", "..\..\R5T.T0220\source\R5T.T0220\R5T.T0220.csproj", "{C7ADBA3F-9781-4E35-9FF1-5EEA09277F55}"
EndProject
Project("{9A19103F-16F7-4668-BE54-9A1E7A4F7556}") = "R5T.T0221", "..\..\R5T.T0221\source\R5T.T0221\R5T.T0221.csproj", "{5A3AAAFF-4664-4BB5-878F-499FA132EC80}"
EndProject
Project("{9A19103F-16F7-4668-BE54-9A1E7A4F7556}") = "R5T.Y0000", "..\..\R5T.Y0000\source\R5T.Y0000\R5T.Y0000.csproj", "{472F6503-E364-42E3-91A1-3B9E3D49D593}"
EndProject
Project("{9A19103F-16F7-4668-BE54-9A1E7A4F7556}") = "R5T.Z0000", "..\..\R5T.Z0000\source\R5T.Z0000\R5T.Z0000.csproj", "{F9FE4309-F5E7-4951-87FD-268532D95E6D}"
EndProject
Project("{9A19103F-16F7-4668-BE54-9A1E7A4F7556}") = "R5T.Z0037", "..\..\R5T.Z0037\source\R5T.Z0037\R5T.Z0037.csproj", "{BD4835CE-97AE-4C31-BA87-E1D65629CF39}"
EndProject
Global
	GlobalSection(NestedProjects) = preSolution
		{68147AF5-F08D-47D4-8F4B-44A109DD0318} = {E59A9B2B-9474-4E3B-9EE9-A23226C79585}
		{151670AA-EECB-422D-B22A-037EADCE94D2} = {E59A9B2B-9474-4E3B-9EE9-A23226C79585}
		{E9ACACF7-2031-4E21-B64C-284DB80880CF} = {E59A9B2B-9474-4E3B-9EE9-A23226C79585}
		{DC29A523-2DC9-4D40-A1D2-EE6089C9053B} = {E59A9B2B-9474-4E3B-9EE9-A23226C79585}
		{DBE22CBB-9190-4E68-9039-B3AC8509F9FF} = {E59A9B2B-9474-4E3B-9EE9-A23226C79585}
		{CA5B3829-CC11-469B-AEB8-5B63C31368A1} = {E59A9B2B-9474-4E3B-9EE9-A23226C79585}
		{36C34A65-9DF5-4222-937A-C05694D56923} = {E59A9B2B-9474-4E3B-9EE9-A23226C79585}
		{591436BF-C19B-4CF2-8E94-58C625476FC9} = {E59A9B2B-9474-4E3B-9EE9-A23226C79585}
		{6AE802D4-B295-44A2-BC8C-6BD5A6DB1121} = {E59A9B2B-9474-4E3B-9EE9-A23226C79585}
		{D58CFCA9-DC5D-465E-8CCB-C9A87BB55239} = {E59A9B2B-9474-4E3B-9EE9-A23226C79585}
		{C81984CF-9804-44D3-9714-1107B9101AC9} = {E59A9B2B-9474-4E3B-9EE9-A23226C79585}
		{5661608D-7107-4B6F-BD0B-3CC240A9E127} = {E59A9B2B-9474-4E3B-9EE9-A23226C79585}
		{51CA7259-32EF-48C1-8B34-0614459AA601} = {E59A9B2B-9474-4E3B-9EE9-A23226C79585}
		{6A0033DB-1091-4D9A-A819-CD8CF8554EED} = {E59A9B2B-9474-4E3B-9EE9-A23226C79585}
		{85017047-914E-4448-89AD-6DB93B733308} = {E59A9B2B-9474-4E3B-9EE9-A23226C79585}
		{5139AF0C-4A7A-4126-AC8A-F5E135FA943D} = {E59A9B2B-9474-4E3B-9EE9-A23226C79585}
		{A6ED414D-614B-44CA-B0C9-22DB466800DD} = {E59A9B2B-9474-4E3B-9EE9-A23226C79585}
		{6385788F-08B0-4045-8695-59ED7F13C860} = {E59A9B2B-9474-4E3B-9EE9-A23226C79585}
		{4414278A-9D63-4D13-8A5F-4F96C35E8225} = {E59A9B2B-9474-4E3B-9EE9-A23226C79585}
		{A9806B40-EBA6-4734-9716-6E16BA3AB5BA} = {E59A9B2B-9474-4E3B-9EE9-A23226C79585}
		{F6BECB27-6FE9-4484-B471-DEF5D7EC3B81} = {E59A9B2B-9474-4E3B-9EE9-A23226C79585}
		{0203DED7-8256-495F-8675-F1BB041EE36F} = {E59A9B2B-9474-4E3B-9EE9-A23226C79585}
		{2C4824BE-D67A-4DD7-BD69-3C6701A7E703} = {E59A9B2B-9474-4E3B-9EE9-A23226C79585}
		{23BD3050-4174-4807-A63E-4F2F7399BCF7} = {E59A9B2B-9474-4E3B-9EE9-A23226C79585}
		{437F3A9C-35E1-41D6-8781-26053C5BFB02} = {E59A9B2B-9474-4E3B-9EE9-A23226C79585}
		{1961C04B-108E-4F34-AB95-D417DCE97F04} = {E59A9B2B-9474-4E3B-9EE9-A23226C79585}
		{1633E59E-C3A2-4B52-9E17-015FE005C0BB} = {E59A9B2B-9474-4E3B-9EE9-A23226C79585}
		{F5457B51-D5ED-4454-825D-AE13597A7D0B} = {E59A9B2B-9474-4E3B-9EE9-A23226C79585}
		{B50A2AE4-85F5-4417-A600-2A2CD258AE9E} = {E59A9B2B-9474-4E3B-9EE9-A23226C79585}
		{CB030307-3490-40CD-905B-ADF6A6E94621} = {E59A9B2B-9474-4E3B-9EE9-A23226C79585}
		{7CE8ACDC-06E1-4BC5-8DC7-1C6A3CDCF80C} = {E59A9B2B-9474-4E3B-9EE9-A23226C79585}
		{8186899D-D57F-494F-A019-49920DADD7A1} = {E59A9B2B-9474-4E3B-9EE9-A23226C79585}
		{D1FF460E-3DF1-4FA6-9647-A00C4CD5402D} = {E59A9B2B-9474-4E3B-9EE9-A23226C79585}
		{F88E2DB3-450F-4C4C-AE6B-2746A9F54181} = {E59A9B2B-9474-4E3B-9EE9-A23226C79585}
		{32D910DC-C9AD-4795-8743-51ECDABB93AF} = {E59A9B2B-9474-4E3B-9EE9-A23226C79585}
		{49D66F20-5863-494C-B4FE-6979142FE251} = {E59A9B2B-9474-4E3B-9EE9-A23226C79585}
		{F80A651E-B17C-4E44-B625-6956A9F5B8D1} = {E59A9B2B-9474-4E3B-9EE9-A23226C79585}
		{2854B019-3E51-4416-A1B1-C087B03DA73B} = {E59A9B2B-9474-4E3B-9EE9-A23226C79585}
		{36D94B5B-3155-4775-9581-F1325C5F6867} = {E59A9B2B-9474-4E3B-9EE9-A23226C79585}
		{C7328CD4-C72B-4AC1-9AB8-1FFC215634C5} = {E59A9B2B-9474-4E3B-9EE9-A23226C79585}
		{8151345B-B2B2-4E32-9946-B3EC79D1F68A} = {E59A9B2B-9474-4E3B-9EE9-A23226C79585}
		{43FFBE12-C692-49CB-B2A2-A452FC7BCF2F} = {E59A9B2B-9474-4E3B-9EE9-A23226C79585}
		{C7ADBA3F-9781-4E35-9FF1-5EEA09277F55} = {E59A9B2B-9474-4E3B-9EE9-A23226C79585}
		{5A3AAAFF-4664-4BB5-878F-499FA132EC80} = {E59A9B2B-9474-4E3B-9EE9-A23226C79585}
		{472F6503-E364-42E3-91A1-3B9E3D49D593} = {E59A9B2B-9474-4E3B-9EE9-A23226C79585}
		{F9FE4309-F5E7-4951-87FD-268532D95E6D} = {E59A9B2B-9474-4E3B-9EE9-A23226C79585}
		{BD4835CE-97AE-4C31-BA87-E1D65629CF39} = {E59A9B2B-9474-4E3B-9EE9-A23226C79585}
	EndGlobalSection
	GlobalSection(SolutionConfigurationPlatforms) = preSolution
		Debug|Any CPU = Debug|Any CPU
		Release|Any CPU = Release|Any CPU
	EndGlobalSection
	GlobalSection(ProjectConfigurationPlatforms) = postSolution
		{57AE6D7B-93E8-408D-9BDE-4448AB6ABAF5}.Debug|Any CPU.ActiveCfg = Debug|Any CPU
		{57AE6D7B-93E8-408D-9BDE-4448AB6ABAF5}.Debug|Any CPU.Build.0 = Debug|Any CPU
		{57AE6D7B-93E8-408D-9BDE-4448AB6ABAF5}.Release|Any CPU.ActiveCfg = Release|Any CPU
		{57AE6D7B-93E8-408D-9BDE-4448AB6ABAF5}.Release|Any CPU.Build.0 = Release|Any CPU
		{68147AF5-F08D-47D4-8F4B-44A109DD0318}.Debug|Any CPU.ActiveCfg = Debug|Any CPU
		{68147AF5-F08D-47D4-8F4B-44A109DD0318}.Debug|Any CPU.Build.0 = Debug|Any CPU
		{68147AF5-F08D-47D4-8F4B-44A109DD0318}.Release|Any CPU.ActiveCfg = Release|Any CPU
		{68147AF5-F08D-47D4-8F4B-44A109DD0318}.Release|Any CPU.Build.0 = Release|Any CPU
		{151670AA-EECB-422D-B22A-037EADCE94D2}.Debug|Any CPU.ActiveCfg = Debug|Any CPU
		{151670AA-EECB-422D-B22A-037EADCE94D2}.Debug|Any CPU.Build.0 = Debug|Any CPU
		{151670AA-EECB-422D-B22A-037EADCE94D2}.Release|Any CPU.ActiveCfg = Release|Any CPU
		{151670AA-EECB-422D-B22A-037EADCE94D2}.Release|Any CPU.Build.0 = Release|Any CPU
		{E9ACACF7-2031-4E21-B64C-284DB80880CF}.Debug|Any CPU.ActiveCfg = Debug|Any CPU
		{E9ACACF7-2031-4E21-B64C-284DB80880CF}.Debug|Any CPU.Build.0 = Debug|Any CPU
		{E9ACACF7-2031-4E21-B64C-284DB80880CF}.Release|Any CPU.ActiveCfg = Release|Any CPU
		{E9ACACF7-2031-4E21-B64C-284DB80880CF}.Release|Any CPU.Build.0 = Release|Any CPU
		{DC29A523-2DC9-4D40-A1D2-EE6089C9053B}.Debug|Any CPU.ActiveCfg = Debug|Any CPU
		{DC29A523-2DC9-4D40-A1D2-EE6089C9053B}.Debug|Any CPU.Build.0 = Debug|Any CPU
		{DC29A523-2DC9-4D40-A1D2-EE6089C9053B}.Release|Any CPU.ActiveCfg = Release|Any CPU
		{DC29A523-2DC9-4D40-A1D2-EE6089C9053B}.Release|Any CPU.Build.0 = Release|Any CPU
		{DBE22CBB-9190-4E68-9039-B3AC8509F9FF}.Debug|Any CPU.ActiveCfg = Debug|Any CPU
		{DBE22CBB-9190-4E68-9039-B3AC8509F9FF}.Debug|Any CPU.Build.0 = Debug|Any CPU
		{DBE22CBB-9190-4E68-9039-B3AC8509F9FF}.Release|Any CPU.ActiveCfg = Release|Any CPU
		{DBE22CBB-9190-4E68-9039-B3AC8509F9FF}.Release|Any CPU.Build.0 = Release|Any CPU
		{CA5B3829-CC11-469B-AEB8-5B63C31368A1}.Debug|Any CPU.ActiveCfg = Debug|Any CPU
		{CA5B3829-CC11-469B-AEB8-5B63C31368A1}.Debug|Any CPU.Build.0 = Debug|Any CPU
		{CA5B3829-CC11-469B-AEB8-5B63C31368A1}.Release|Any CPU.ActiveCfg = Release|Any CPU
		{CA5B3829-CC11-469B-AEB8-5B63C31368A1}.Release|Any CPU.Build.0 = Release|Any CPU
		{36C34A65-9DF5-4222-937A-C05694D56923}.Debug|Any CPU.ActiveCfg = Debug|Any CPU
		{36C34A65-9DF5-4222-937A-C05694D56923}.Debug|Any CPU.Build.0 = Debug|Any CPU
		{36C34A65-9DF5-4222-937A-C05694D56923}.Release|Any CPU.ActiveCfg = Release|Any CPU
		{36C34A65-9DF5-4222-937A-C05694D56923}.Release|Any CPU.Build.0 = Release|Any CPU
		{591436BF-C19B-4CF2-8E94-58C625476FC9}.Debug|Any CPU.ActiveCfg = Debug|Any CPU
		{591436BF-C19B-4CF2-8E94-58C625476FC9}.Debug|Any CPU.Build.0 = Debug|Any CPU
		{591436BF-C19B-4CF2-8E94-58C625476FC9}.Release|Any CPU.ActiveCfg = Release|Any CPU
		{591436BF-C19B-4CF2-8E94-58C625476FC9}.Release|Any CPU.Build.0 = Release|Any CPU
		{6AE802D4-B295-44A2-BC8C-6BD5A6DB1121}.Debug|Any CPU.ActiveCfg = Debug|Any CPU
		{6AE802D4-B295-44A2-BC8C-6BD5A6DB1121}.Debug|Any CPU.Build.0 = Debug|Any CPU
		{6AE802D4-B295-44A2-BC8C-6BD5A6DB1121}.Release|Any CPU.ActiveCfg = Release|Any CPU
		{6AE802D4-B295-44A2-BC8C-6BD5A6DB1121}.Release|Any CPU.Build.0 = Release|Any CPU
		{D58CFCA9-DC5D-465E-8CCB-C9A87BB55239}.Debug|Any CPU.ActiveCfg = Debug|Any CPU
		{D58CFCA9-DC5D-465E-8CCB-C9A87BB55239}.Debug|Any CPU.Build.0 = Debug|Any CPU
		{D58CFCA9-DC5D-465E-8CCB-C9A87BB55239}.Release|Any CPU.ActiveCfg = Release|Any CPU
		{D58CFCA9-DC5D-465E-8CCB-C9A87BB55239}.Release|Any CPU.Build.0 = Release|Any CPU
		{C81984CF-9804-44D3-9714-1107B9101AC9}.Debug|Any CPU.ActiveCfg = Debug|Any CPU
		{C81984CF-9804-44D3-9714-1107B9101AC9}.Debug|Any CPU.Build.0 = Debug|Any CPU
		{C81984CF-9804-44D3-9714-1107B9101AC9}.Release|Any CPU.ActiveCfg = Release|Any CPU
		{C81984CF-9804-44D3-9714-1107B9101AC9}.Release|Any CPU.Build.0 = Release|Any CPU
		{5661608D-7107-4B6F-BD0B-3CC240A9E127}.Debug|Any CPU.ActiveCfg = Debug|Any CPU
		{5661608D-7107-4B6F-BD0B-3CC240A9E127}.Debug|Any CPU.Build.0 = Debug|Any CPU
		{5661608D-7107-4B6F-BD0B-3CC240A9E127}.Release|Any CPU.ActiveCfg = Release|Any CPU
		{5661608D-7107-4B6F-BD0B-3CC240A9E127}.Release|Any CPU.Build.0 = Release|Any CPU
		{51CA7259-32EF-48C1-8B34-0614459AA601}.Debug|Any CPU.ActiveCfg = Debug|Any CPU
		{51CA7259-32EF-48C1-8B34-0614459AA601}.Debug|Any CPU.Build.0 = Debug|Any CPU
		{51CA7259-32EF-48C1-8B34-0614459AA601}.Release|Any CPU.ActiveCfg = Release|Any CPU
		{51CA7259-32EF-48C1-8B34-0614459AA601}.Release|Any CPU.Build.0 = Release|Any CPU
		{6A0033DB-1091-4D9A-A819-CD8CF8554EED}.Debug|Any CPU.ActiveCfg = Debug|Any CPU
		{6A0033DB-1091-4D9A-A819-CD8CF8554EED}.Debug|Any CPU.Build.0 = Debug|Any CPU
		{6A0033DB-1091-4D9A-A819-CD8CF8554EED}.Release|Any CPU.ActiveCfg = Release|Any CPU
		{6A0033DB-1091-4D9A-A819-CD8CF8554EED}.Release|Any CPU.Build.0 = Release|Any CPU
		{85017047-914E-4448-89AD-6DB93B733308}.Debug|Any CPU.ActiveCfg = Debug|Any CPU
		{85017047-914E-4448-89AD-6DB93B733308}.Debug|Any CPU.Build.0 = Debug|Any CPU
		{85017047-914E-4448-89AD-6DB93B733308}.Release|Any CPU.ActiveCfg = Release|Any CPU
		{85017047-914E-4448-89AD-6DB93B733308}.Release|Any CPU.Build.0 = Release|Any CPU
		{5139AF0C-4A7A-4126-AC8A-F5E135FA943D}.Debug|Any CPU.ActiveCfg = Debug|Any CPU
		{5139AF0C-4A7A-4126-AC8A-F5E135FA943D}.Debug|Any CPU.Build.0 = Debug|Any CPU
		{5139AF0C-4A7A-4126-AC8A-F5E135FA943D}.Release|Any CPU.ActiveCfg = Release|Any CPU
		{5139AF0C-4A7A-4126-AC8A-F5E135FA943D}.Release|Any CPU.Build.0 = Release|Any CPU
		{A6ED414D-614B-44CA-B0C9-22DB466800DD}.Debug|Any CPU.ActiveCfg = Debug|Any CPU
		{A6ED414D-614B-44CA-B0C9-22DB466800DD}.Debug|Any CPU.Build.0 = Debug|Any CPU
		{A6ED414D-614B-44CA-B0C9-22DB466800DD}.Release|Any CPU.ActiveCfg = Release|Any CPU
		{A6ED414D-614B-44CA-B0C9-22DB466800DD}.Release|Any CPU.Build.0 = Release|Any CPU
		{6385788F-08B0-4045-8695-59ED7F13C860}.Debug|Any CPU.ActiveCfg = Debug|Any CPU
		{6385788F-08B0-4045-8695-59ED7F13C860}.Debug|Any CPU.Build.0 = Debug|Any CPU
		{6385788F-08B0-4045-8695-59ED7F13C860}.Release|Any CPU.ActiveCfg = Release|Any CPU
		{6385788F-08B0-4045-8695-59ED7F13C860}.Release|Any CPU.Build.0 = Release|Any CPU
		{4414278A-9D63-4D13-8A5F-4F96C35E8225}.Debug|Any CPU.ActiveCfg = Debug|Any CPU
		{4414278A-9D63-4D13-8A5F-4F96C35E8225}.Debug|Any CPU.Build.0 = Debug|Any CPU
		{4414278A-9D63-4D13-8A5F-4F96C35E8225}.Release|Any CPU.ActiveCfg = Release|Any CPU
		{4414278A-9D63-4D13-8A5F-4F96C35E8225}.Release|Any CPU.Build.0 = Release|Any CPU
		{A9806B40-EBA6-4734-9716-6E16BA3AB5BA}.Debug|Any CPU.ActiveCfg = Debug|Any CPU
		{A9806B40-EBA6-4734-9716-6E16BA3AB5BA}.Debug|Any CPU.Build.0 = Debug|Any CPU
		{A9806B40-EBA6-4734-9716-6E16BA3AB5BA}.Release|Any CPU.ActiveCfg = Release|Any CPU
		{A9806B40-EBA6-4734-9716-6E16BA3AB5BA}.Release|Any CPU.Build.0 = Release|Any CPU
		{F6BECB27-6FE9-4484-B471-DEF5D7EC3B81}.Debug|Any CPU.ActiveCfg = Debug|Any CPU
		{F6BECB27-6FE9-4484-B471-DEF5D7EC3B81}.Debug|Any CPU.Build.0 = Debug|Any CPU
		{F6BECB27-6FE9-4484-B471-DEF5D7EC3B81}.Release|Any CPU.ActiveCfg = Release|Any CPU
		{F6BECB27-6FE9-4484-B471-DEF5D7EC3B81}.Release|Any CPU.Build.0 = Release|Any CPU
		{0203DED7-8256-495F-8675-F1BB041EE36F}.Debug|Any CPU.ActiveCfg = Debug|Any CPU
		{0203DED7-8256-495F-8675-F1BB041EE36F}.Debug|Any CPU.Build.0 = Debug|Any CPU
		{0203DED7-8256-495F-8675-F1BB041EE36F}.Release|Any CPU.ActiveCfg = Release|Any CPU
		{0203DED7-8256-495F-8675-F1BB041EE36F}.Release|Any CPU.Build.0 = Release|Any CPU
		{2C4824BE-D67A-4DD7-BD69-3C6701A7E703}.Debug|Any CPU.ActiveCfg = Debug|Any CPU
		{2C4824BE-D67A-4DD7-BD69-3C6701A7E703}.Debug|Any CPU.Build.0 = Debug|Any CPU
		{2C4824BE-D67A-4DD7-BD69-3C6701A7E703}.Release|Any CPU.ActiveCfg = Release|Any CPU
		{2C4824BE-D67A-4DD7-BD69-3C6701A7E703}.Release|Any CPU.Build.0 = Release|Any CPU
		{23BD3050-4174-4807-A63E-4F2F7399BCF7}.Debug|Any CPU.ActiveCfg = Debug|Any CPU
		{23BD3050-4174-4807-A63E-4F2F7399BCF7}.Debug|Any CPU.Build.0 = Debug|Any CPU
		{23BD3050-4174-4807-A63E-4F2F7399BCF7}.Release|Any CPU.ActiveCfg = Release|Any CPU
		{23BD3050-4174-4807-A63E-4F2F7399BCF7}.Release|Any CPU.Build.0 = Release|Any CPU
		{437F3A9C-35E1-41D6-8781-26053C5BFB02}.Debug|Any CPU.ActiveCfg = Debug|Any CPU
		{437F3A9C-35E1-41D6-8781-26053C5BFB02}.Debug|Any CPU.Build.0 = Debug|Any CPU
		{437F3A9C-35E1-41D6-8781-26053C5BFB02}.Release|Any CPU.ActiveCfg = Release|Any CPU
		{437F3A9C-35E1-41D6-8781-26053C5BFB02}.Release|Any CPU.Build.0 = Release|Any CPU
		{1961C04B-108E-4F34-AB95-D417DCE97F04}.Debug|Any CPU.ActiveCfg = Debug|Any CPU
		{1961C04B-108E-4F34-AB95-D417DCE97F04}.Debug|Any CPU.Build.0 = Debug|Any CPU
		{1961C04B-108E-4F34-AB95-D417DCE97F04}.Release|Any CPU.ActiveCfg = Release|Any CPU
		{1961C04B-108E-4F34-AB95-D417DCE97F04}.Release|Any CPU.Build.0 = Release|Any CPU
		{1633E59E-C3A2-4B52-9E17-015FE005C0BB}.Debug|Any CPU.ActiveCfg = Debug|Any CPU
		{1633E59E-C3A2-4B52-9E17-015FE005C0BB}.Debug|Any CPU.Build.0 = Debug|Any CPU
		{1633E59E-C3A2-4B52-9E17-015FE005C0BB}.Release|Any CPU.ActiveCfg = Release|Any CPU
		{1633E59E-C3A2-4B52-9E17-015FE005C0BB}.Release|Any CPU.Build.0 = Release|Any CPU
		{F5457B51-D5ED-4454-825D-AE13597A7D0B}.Debug|Any CPU.ActiveCfg = Debug|Any CPU
		{F5457B51-D5ED-4454-825D-AE13597A7D0B}.Debug|Any CPU.Build.0 = Debug|Any CPU
		{F5457B51-D5ED-4454-825D-AE13597A7D0B}.Release|Any CPU.ActiveCfg = Release|Any CPU
		{F5457B51-D5ED-4454-825D-AE13597A7D0B}.Release|Any CPU.Build.0 = Release|Any CPU
		{B50A2AE4-85F5-4417-A600-2A2CD258AE9E}.Debug|Any CPU.ActiveCfg = Debug|Any CPU
		{B50A2AE4-85F5-4417-A600-2A2CD258AE9E}.Debug|Any CPU.Build.0 = Debug|Any CPU
		{B50A2AE4-85F5-4417-A600-2A2CD258AE9E}.Release|Any CPU.ActiveCfg = Release|Any CPU
		{B50A2AE4-85F5-4417-A600-2A2CD258AE9E}.Release|Any CPU.Build.0 = Release|Any CPU
		{CB030307-3490-40CD-905B-ADF6A6E94621}.Debug|Any CPU.ActiveCfg = Debug|Any CPU
		{CB030307-3490-40CD-905B-ADF6A6E94621}.Debug|Any CPU.Build.0 = Debug|Any CPU
		{CB030307-3490-40CD-905B-ADF6A6E94621}.Release|Any CPU.ActiveCfg = Release|Any CPU
		{CB030307-3490-40CD-905B-ADF6A6E94621}.Release|Any CPU.Build.0 = Release|Any CPU
		{7CE8ACDC-06E1-4BC5-8DC7-1C6A3CDCF80C}.Debug|Any CPU.ActiveCfg = Debug|Any CPU
		{7CE8ACDC-06E1-4BC5-8DC7-1C6A3CDCF80C}.Debug|Any CPU.Build.0 = Debug|Any CPU
		{7CE8ACDC-06E1-4BC5-8DC7-1C6A3CDCF80C}.Release|Any CPU.ActiveCfg = Release|Any CPU
		{7CE8ACDC-06E1-4BC5-8DC7-1C6A3CDCF80C}.Release|Any CPU.Build.0 = Release|Any CPU
		{8186899D-D57F-494F-A019-49920DADD7A1}.Debug|Any CPU.ActiveCfg = Debug|Any CPU
		{8186899D-D57F-494F-A019-49920DADD7A1}.Debug|Any CPU.Build.0 = Debug|Any CPU
		{8186899D-D57F-494F-A019-49920DADD7A1}.Release|Any CPU.ActiveCfg = Release|Any CPU
		{8186899D-D57F-494F-A019-49920DADD7A1}.Release|Any CPU.Build.0 = Release|Any CPU
		{D1FF460E-3DF1-4FA6-9647-A00C4CD5402D}.Debug|Any CPU.ActiveCfg = Debug|Any CPU
		{D1FF460E-3DF1-4FA6-9647-A00C4CD5402D}.Debug|Any CPU.Build.0 = Debug|Any CPU
		{D1FF460E-3DF1-4FA6-9647-A00C4CD5402D}.Release|Any CPU.ActiveCfg = Release|Any CPU
		{D1FF460E-3DF1-4FA6-9647-A00C4CD5402D}.Release|Any CPU.Build.0 = Release|Any CPU
		{F88E2DB3-450F-4C4C-AE6B-2746A9F54181}.Debug|Any CPU.ActiveCfg = Debug|Any CPU
		{F88E2DB3-450F-4C4C-AE6B-2746A9F54181}.Debug|Any CPU.Build.0 = Debug|Any CPU
		{F88E2DB3-450F-4C4C-AE6B-2746A9F54181}.Release|Any CPU.ActiveCfg = Release|Any CPU
		{F88E2DB3-450F-4C4C-AE6B-2746A9F54181}.Release|Any CPU.Build.0 = Release|Any CPU
		{32D910DC-C9AD-4795-8743-51ECDABB93AF}.Debug|Any CPU.ActiveCfg = Debug|Any CPU
		{32D910DC-C9AD-4795-8743-51ECDABB93AF}.Debug|Any CPU.Build.0 = Debug|Any CPU
		{32D910DC-C9AD-4795-8743-51ECDABB93AF}.Release|Any CPU.ActiveCfg = Release|Any CPU
		{32D910DC-C9AD-4795-8743-51ECDABB93AF}.Release|Any CPU.Build.0 = Release|Any CPU
		{49D66F20-5863-494C-B4FE-6979142FE251}.Debug|Any CPU.ActiveCfg = Debug|Any CPU
		{49D66F20-5863-494C-B4FE-6979142FE251}.Debug|Any CPU.Build.0 = Debug|Any CPU
		{49D66F20-5863-494C-B4FE-6979142FE251}.Release|Any CPU.ActiveCfg = Release|Any CPU
		{49D66F20-5863-494C-B4FE-6979142FE251}.Release|Any CPU.Build.0 = Release|Any CPU
		{F80A651E-B17C-4E44-B625-6956A9F5B8D1}.Debug|Any CPU.ActiveCfg = Debug|Any CPU
		{F80A651E-B17C-4E44-B625-6956A9F5B8D1}.Debug|Any CPU.Build.0 = Debug|Any CPU
		{F80A651E-B17C-4E44-B625-6956A9F5B8D1}.Release|Any CPU.ActiveCfg = Release|Any CPU
		{F80A651E-B17C-4E44-B625-6956A9F5B8D1}.Release|Any CPU.Build.0 = Release|Any CPU
		{2854B019-3E51-4416-A1B1-C087B03DA73B}.Debug|Any CPU.ActiveCfg = Debug|Any CPU
		{2854B019-3E51-4416-A1B1-C087B03DA73B}.Debug|Any CPU.Build.0 = Debug|Any CPU
		{2854B019-3E51-4416-A1B1-C087B03DA73B}.Release|Any CPU.ActiveCfg = Release|Any CPU
		{2854B019-3E51-4416-A1B1-C087B03DA73B}.Release|Any CPU.Build.0 = Release|Any CPU
		{36D94B5B-3155-4775-9581-F1325C5F6867}.Debug|Any CPU.ActiveCfg = Debug|Any CPU
		{36D94B5B-3155-4775-9581-F1325C5F6867}.Debug|Any CPU.Build.0 = Debug|Any CPU
		{36D94B5B-3155-4775-9581-F1325C5F6867}.Release|Any CPU.ActiveCfg = Release|Any CPU
		{36D94B5B-3155-4775-9581-F1325C5F6867}.Release|Any CPU.Build.0 = Release|Any CPU
		{C7328CD4-C72B-4AC1-9AB8-1FFC215634C5}.Debug|Any CPU.ActiveCfg = Debug|Any CPU
		{C7328CD4-C72B-4AC1-9AB8-1FFC215634C5}.Debug|Any CPU.Build.0 = Debug|Any CPU
		{C7328CD4-C72B-4AC1-9AB8-1FFC215634C5}.Release|Any CPU.ActiveCfg = Release|Any CPU
		{C7328CD4-C72B-4AC1-9AB8-1FFC215634C5}.Release|Any CPU.Build.0 = Release|Any CPU
		{8151345B-B2B2-4E32-9946-B3EC79D1F68A}.Debug|Any CPU.ActiveCfg = Debug|Any CPU
		{8151345B-B2B2-4E32-9946-B3EC79D1F68A}.Debug|Any CPU.Build.0 = Debug|Any CPU
		{8151345B-B2B2-4E32-9946-B3EC79D1F68A}.Release|Any CPU.ActiveCfg = Release|Any CPU
		{8151345B-B2B2-4E32-9946-B3EC79D1F68A}.Release|Any CPU.Build.0 = Release|Any CPU
		{43FFBE12-C692-49CB-B2A2-A452FC7BCF2F}.Debug|Any CPU.ActiveCfg = Debug|Any CPU
		{43FFBE12-C692-49CB-B2A2-A452FC7BCF2F}.Debug|Any CPU.Build.0 = Debug|Any CPU
		{43FFBE12-C692-49CB-B2A2-A452FC7BCF2F}.Release|Any CPU.ActiveCfg = Release|Any CPU
		{43FFBE12-C692-49CB-B2A2-A452FC7BCF2F}.Release|Any CPU.Build.0 = Release|Any CPU
		{C7ADBA3F-9781-4E35-9FF1-5EEA09277F55}.Debug|Any CPU.ActiveCfg = Debug|Any CPU
		{C7ADBA3F-9781-4E35-9FF1-5EEA09277F55}.Debug|Any CPU.Build.0 = Debug|Any CPU
		{C7ADBA3F-9781-4E35-9FF1-5EEA09277F55}.Release|Any CPU.ActiveCfg = Release|Any CPU
		{C7ADBA3F-9781-4E35-9FF1-5EEA09277F55}.Release|Any CPU.Build.0 = Release|Any CPU
		{5A3AAAFF-4664-4BB5-878F-499FA132EC80}.Debug|Any CPU.ActiveCfg = Debug|Any CPU
		{5A3AAAFF-4664-4BB5-878F-499FA132EC80}.Debug|Any CPU.Build.0 = Debug|Any CPU
		{5A3AAAFF-4664-4BB5-878F-499FA132EC80}.Release|Any CPU.ActiveCfg = Release|Any CPU
		{5A3AAAFF-4664-4BB5-878F-499FA132EC80}.Release|Any CPU.Build.0 = Release|Any CPU
		{472F6503-E364-42E3-91A1-3B9E3D49D593}.Debug|Any CPU.ActiveCfg = Debug|Any CPU
		{472F6503-E364-42E3-91A1-3B9E3D49D593}.Debug|Any CPU.Build.0 = Debug|Any CPU
		{472F6503-E364-42E3-91A1-3B9E3D49D593}.Release|Any CPU.ActiveCfg = Release|Any CPU
		{472F6503-E364-42E3-91A1-3B9E3D49D593}.Release|Any CPU.Build.0 = Release|Any CPU
		{F9FE4309-F5E7-4951-87FD-268532D95E6D}.Debug|Any CPU.ActiveCfg = Debug|Any CPU
		{F9FE4309-F5E7-4951-87FD-268532D95E6D}.Debug|Any CPU.Build.0 = Debug|Any CPU
		{F9FE4309-F5E7-4951-87FD-268532D95E6D}.Release|Any CPU.ActiveCfg = Release|Any CPU
		{F9FE4309-F5E7-4951-87FD-268532D95E6D}.Release|Any CPU.Build.0 = Release|Any CPU
		{BD4835CE-97AE-4C31-BA87-E1D65629CF39}.Debug|Any CPU.ActiveCfg = Debug|Any CPU
		{BD4835CE-97AE-4C31-BA87-E1D65629CF39}.Debug|Any CPU.Build.0 = Debug|Any CPU
		{BD4835CE-97AE-4C31-BA87-E1D65629CF39}.Release|Any CPU.ActiveCfg = Release|Any CPU
		{BD4835CE-97AE-4C31-BA87-E1D65629CF39}.Release|Any CPU.Build.0 = Release|Any CPU
	EndGlobalSection
	GlobalSection(SolutionProperties) = preSolution
		HideSolutionNode = FALSE
	EndGlobalSection
	GlobalSection(ExtensibilityGlobals) = postSolution
		SolutionGuid = {166EDA9D-7715-4D38-8A8C-E79999C882F8}
	EndGlobalSection
EndGlobal
