
Microsoft Visual Studio Solution File, Format Version 12.00
# Visual Studio Version 17
VisualStudioVersion = 17.2.32630.192
MinimumVisualStudioVersion = 10.0.40219.1
Project("{9A19103F-16F7-4668-BE54-9A1E7A4F7556}") = "R5T.L0052.Construction", "R5T.L0052.Construction\R5T.L0052.Construction.csproj", "{CC9AC225-988A-4869-B6C5-9806FF966779}"
EndProject
Project("{9A19103F-16F7-4668-BE54-9A1E7A4F7556}") = "R5T.L0052", "R5T.L0052\R5T.L0052.csproj", "{C38D19B6-38A1-494C-A161-919DDAA57A53}"
EndProject
Global
	GlobalSection(SolutionConfigurationPlatforms) = preSolution
		Debug|Any CPU = Debug|Any CPU
		Release|Any CPU = Release|Any CPU
	EndGlobalSection
	GlobalSection(ProjectConfigurationPlatforms) = postSolution
		{CC9AC225-988A-4869-B6C5-9806FF966779}.Debug|Any CPU.ActiveCfg = Debug|Any CPU
		{CC9AC225-988A-4869-B6C5-9806FF966779}.Debug|Any CPU.Build.0 = Debug|Any CPU
		{CC9AC225-988A-4869-B6C5-9806FF966779}.Release|Any CPU.ActiveCfg = Release|Any CPU
		{CC9AC225-988A-4869-B6C5-9806FF966779}.Release|Any CPU.Build.0 = Release|Any CPU
		{C38D19B6-38A1-494C-A161-919DDAA57A53}.Debug|Any CPU.ActiveCfg = Debug|Any CPU
		{C38D19B6-38A1-494C-A161-919DDAA57A53}.Debug|Any CPU.Build.0 = Debug|Any CPU
		{C38D19B6-38A1-494C-A161-919DDAA57A53}.Release|Any CPU.ActiveCfg = Release|Any CPU
		{C38D19B6-38A1-494C-A161-919DDAA57A53}.Release|Any CPU.Build.0 = Release|Any CPU
	EndGlobalSection
	GlobalSection(SolutionProperties) = preSolution
		HideSolutionNode = FALSE
	EndGlobalSection
	GlobalSection(ExtensibilityGlobals) = postSolution
		SolutionGuid = {0C401F2E-A2B0-4E42-8CBF-B9DC7FE4E6A5}
	EndGlobalSection
EndGlobal
